
Microsoft Visual Studio Solution File, Format Version 12.00
# Visual Studio Version 17
VisualStudioVersion = 17.0.31903.59
MinimumVisualStudioVersion = 10.0.40219.1
Project("{FAE04EC0-301F-11D3-BF4B-00C04F79EFBC}") = "DotMSDF", "DotMSDF\DotMSDF.csproj", "{683A5EB9-FC77-4A32-BE79-D548F6FA70B9}"
EndProject
Project("{FAE04EC0-301F-11D3-BF4B-00C04F79EFBC}") = "DotMSDF.Tests", "DotMSDF.Tests\DotMSDF.Tests.csproj", "{834F51BC-A981-4675-ACEE-21B3C6FEC4B0}"
EndProject
Project("{FAE04EC0-301F-11D3-BF4B-00C04F79EFBC}") = "DotMSDF.Port", "DotMSDF.Port\DotMSDF.Port.csproj", "{B0AD7E5A-93F6-4735-9D90-22F84FEB04BE}"
EndProject
Global
	GlobalSection(SolutionConfigurationPlatforms) = preSolution
		Debug|Any CPU = Debug|Any CPU
		Release|Any CPU = Release|Any CPU
	EndGlobalSection
	GlobalSection(SolutionProperties) = preSolution
		HideSolutionNode = FALSE
	EndGlobalSection
	GlobalSection(ProjectConfigurationPlatforms) = postSolution
		{683A5EB9-FC77-4A32-BE79-D548F6FA70B9}.Debug|Any CPU.ActiveCfg = Debug|Any CPU
		{683A5EB9-FC77-4A32-BE79-D548F6FA70B9}.Debug|Any CPU.Build.0 = Debug|Any CPU
		{683A5EB9-FC77-4A32-BE79-D548F6FA70B9}.Release|Any CPU.ActiveCfg = Release|Any CPU
		{683A5EB9-FC77-4A32-BE79-D548F6FA70B9}.Release|Any CPU.Build.0 = Release|Any CPU
		{834F51BC-A981-4675-ACEE-21B3C6FEC4B0}.Debug|Any CPU.ActiveCfg = Debug|Any CPU
		{834F51BC-A981-4675-ACEE-21B3C6FEC4B0}.Debug|Any CPU.Build.0 = Debug|Any CPU
		{834F51BC-A981-4675-ACEE-21B3C6FEC4B0}.Release|Any CPU.ActiveCfg = Release|Any CPU
		{834F51BC-A981-4675-ACEE-21B3C6FEC4B0}.Release|Any CPU.Build.0 = Release|Any CPU
		{B0AD7E5A-93F6-4735-9D90-22F84FEB04BE}.Debug|Any CPU.ActiveCfg = Debug|Any CPU
		{B0AD7E5A-93F6-4735-9D90-22F84FEB04BE}.Debug|Any CPU.Build.0 = Debug|Any CPU
		{B0AD7E5A-93F6-4735-9D90-22F84FEB04BE}.Release|Any CPU.ActiveCfg = Release|Any CPU
		{B0AD7E5A-93F6-4735-9D90-22F84FEB04BE}.Release|Any CPU.Build.0 = Release|Any CPU
	EndGlobalSection
EndGlobal
